// !$*UTF8*$!
{
	archiveVersion = 1;
	classes = {
	};
	objectVersion = 50;
	objects = {

/* Begin PBXBuildFile section */
		A09144672090C1AF009E6733 /* AppDelegate.swift in Sources */ = {isa = PBXBuildFile; fileRef = A09144662090C1AF009E6733 /* AppDelegate.swift */; };
		A091446C2090C1AF009E6733 /* Main.storyboard in Resources */ = {isa = PBXBuildFile; fileRef = A091446A2090C1AF009E6733 /* Main.storyboard */; };
		A091446E2090C1B0009E6733 /* Assets.xcassets in Resources */ = {isa = PBXBuildFile; fileRef = A091446D2090C1B0009E6733 /* Assets.xcassets */; };
		A09144712090C1B0009E6733 /* LaunchScreen.storyboard in Resources */ = {isa = PBXBuildFile; fileRef = A091446F2090C1B0009E6733 /* LaunchScreen.storyboard */; };
		A091447D2090C44F009E6733 /* Page1ViewController.swift in Sources */ = {isa = PBXBuildFile; fileRef = A091447C2090C44F009E6733 /* Page1ViewController.swift */; };
		A091447F2090C45D009E6733 /* Page2ViewController.swift in Sources */ = {isa = PBXBuildFile; fileRef = A091447E2090C45D009E6733 /* Page2ViewController.swift */; };
		A09144812090D930009E6733 /* Page3ViewController.swift in Sources */ = {isa = PBXBuildFile; fileRef = A09144802090D930009E6733 /* Page3ViewController.swift */; };
/* End PBXBuildFile section */

/* Begin PBXFileReference section */
		A09144632090C1AF009E6733 /* DemoPushToNextView.app */ = {isa = PBXFileReference; explicitFileType = wrapper.application; includeInIndex = 0; path = DemoPushToNextView.app; sourceTree = BUILT_PRODUCTS_DIR; };
		A09144662090C1AF009E6733 /* AppDelegate.swift */ = {isa = PBXFileReference; lastKnownFileType = sourcecode.swift; path = AppDelegate.swift; sourceTree = "<group>"; };
		A091446B2090C1AF009E6733 /* Base */ = {isa = PBXFileReference; lastKnownFileType = file.storyboard; name = Base; path = Base.lproj/Main.storyboard; sourceTree = "<group>"; };
		A091446D2090C1B0009E6733 /* Assets.xcassets */ = {isa = PBXFileReference; lastKnownFileType = folder.assetcatalog; path = Assets.xcassets; sourceTree = "<group>"; };
		A09144702090C1B0009E6733 /* Base */ = {isa = PBXFileReference; lastKnownFileType = file.storyboard; name = Base; path = Base.lproj/LaunchScreen.storyboard; sourceTree = "<group>"; };
		A09144722090C1B0009E6733 /* Info.plist */ = {isa = PBXFileReference; lastKnownFileType = text.plist.xml; path = Info.plist; sourceTree = "<group>"; };
		A091447C2090C44F009E6733 /* Page1ViewController.swift */ = {isa = PBXFileReference; lastKnownFileType = sourcecode.swift; path = Page1ViewController.swift; sourceTree = "<group>"; };
		A091447E2090C45D009E6733 /* Page2ViewController.swift */ = {isa = PBXFileReference; lastKnownFileType = sourcecode.swift; path = Page2ViewController.swift; sourceTree = "<group>"; };
		A09144802090D930009E6733 /* Page3ViewController.swift */ = {isa = PBXFileReference; lastKnownFileType = sourcecode.swift; path = Page3ViewController.swift; sourceTree = "<group>"; };
/* End PBXFileReference section */

/* Begin PBXFrameworksBuildPhase section */
		A09144602090C1AF009E6733 /* Frameworks */ = {
			isa = PBXFrameworksBuildPhase;
			buildActionMask = 2147483647;
			files = (
			);
			runOnlyForDeploymentPostprocessing = 0;
		};
/* End PBXFrameworksBuildPhase section */

/* Begin PBXGroup section */
		A091445A2090C1AF009E6733 = {
			isa = PBXGroup;
			children = (
				A09144652090C1AF009E6733 /* DemoPushToNextView */,
				A09144642090C1AF009E6733 /* Products */,
			);
			sourceTree = "<group>";
		};
		A09144642090C1AF009E6733 /* Products */ = {
			isa = PBXGroup;
			children = (
				A09144632090C1AF009E6733 /* DemoPushToNextView.app */,
			);
			name = Products;
			sourceTree = "<group>";
		};
		A09144652090C1AF009E6733 /* DemoPushToNextView */ = {
			isa = PBXGroup;
			children = (
				A09144662090C1AF009E6733 /* AppDelegate.swift */,
				A091446A2090C1AF009E6733 /* Main.storyboard */,
				A091446D2090C1B0009E6733 /* Assets.xcassets */,
				A091446F2090C1B0009E6733 /* LaunchScreen.storyboard */,
				A09144722090C1B0009E6733 /* Info.plist */,
				A091447C2090C44F009E6733 /* Page1ViewController.swift */,
				A091447E2090C45D009E6733 /* Page2ViewController.swift */,
				A09144802090D930009E6733 /* Page3ViewController.swift */,
			);
			path = DemoPushToNextView;
			sourceTree = "<group>";
		};
/* End PBXGroup section */

/* Begin PBXNativeTarget section */
		A09144622090C1AF009E6733 /* DemoPushToNextView */ = {
			isa = PBXNativeTarget;
			buildConfigurationList = A09144752090C1B0009E6733 /* Build configuration list for PBXNativeTarget "DemoPushToNextView" */;
			buildPhases = (
				A091445F2090C1AF009E6733 /* Sources */,
				A09144602090C1AF009E6733 /* Frameworks */,
				A09144612090C1AF009E6733 /* Resources */,
			);
			buildRules = (
			);
			dependencies = (
			);
			name = DemoPushToNextView;
			productName = DemoPushToNextView;
			productReference = A09144632090C1AF009E6733 /* DemoPushToNextView.app */;
			productType = "com.apple.product-type.application";
		};
/* End PBXNativeTarget section */

/* Begin PBXProject section */
		A091445B2090C1AF009E6733 /* Project object */ = {
			isa = PBXProject;
			attributes = {
				LastSwiftUpdateCheck = 0930;
				LastUpgradeCheck = 0930;
				ORGANIZATIONNAME = "Chao Shin";
				TargetAttributes = {
					A09144622090C1AF009E6733 = {
						CreatedOnToolsVersion = 9.3;
					};
				};
			};
			buildConfigurationList = A091445E2090C1AF009E6733 /* Build configuration list for PBXProject "DemoPushToNextView" */;
			compatibilityVersion = "Xcode 9.3";
			developmentRegion = en;
			hasScannedForEncodings = 0;
			knownRegions = (
				en,
				Base,
			);
			mainGroup = A091445A2090C1AF009E6733;
			productRefGroup = A09144642090C1AF009E6733 /* Products */;
			projectDirPath = "";
			projectRoot = "";
			targets = (
				A09144622090C1AF009E6733 /* DemoPushToNextView */,
			);
		};
/* End PBXProject section */

/* Begin PBXResourcesBuildPhase section */
		A09144612090C1AF009E6733 /* Resources */ = {
			isa = PBXResourcesBuildPhase;
			buildActionMask = 2147483647;
			files = (
				A09144712090C1B0009E6733 /* LaunchScreen.storyboard in Resources */,
				A091446E2090C1B0009E6733 /* Assets.xcassets in Resources */,
				A091446C2090C1AF009E6733 /* Main.storyboard in Resources */,
			);
			runOnlyForDeploymentPostprocessing = 0;
		};
/* End PBXResourcesBuildPhase section */

/* Begin PBXSourcesBuildPhase section */
		A091445F2090C1AF009E6733 /* Sources */ = {
			isa = PBXSourcesBuildPhase;
			buildActionMask = 2147483647;
			files = (
				A091447D2090C44F009E6733 /* Page1ViewController.swift in Sources */,
				A09144672090C1AF009E6733 /* AppDelegate.swift in Sources */,
				A091447F2090C45D009E6733 /* Page2ViewController.swift in Sources */,
				A09144812090D930009E6733 /* Page3ViewController.swift in Sources */,
			);
			runOnlyForDeploymentPostprocessing = 0;
		};
/* End PBXSourcesBuildPhase section */

/* Begin PBXVariantGroup section */
		A091446A2090C1AF009E6733 /* Main.storyboard */ = {
			isa = PBXVariantGroup;
			children = (
				A091446B2090C1AF009E6733 /* Base */,
			);
			name = Main.storyboard;
			sourceTree = "<group>";
		};
		A091446F2090C1B0009E6733 /* LaunchScreen.storyboard */ = {
			isa = PBXVariantGroup;
			children = (
				A09144702090C1B0009E6733 /* Base */,
			);
			name = LaunchScreen.storyboard;
			sourceTree = "<group>";
		};
/* End PBXVariantGroup section */

/* Begin XCBuildConfiguration section */
		A09144732090C1B0009E6733 /* Debug */ = {
			isa = XCBuildConfiguration;
			buildSettings = {
				ALWAYS_SEARCH_USER_PATHS = NO;
				CLANG_ANALYZER_NONNULL = YES;
				CLANG_ANALYZER_NUMBER_OBJECT_CONVERSION = YES_AGGRESSIVE;
				CLANG_CXX_LANGUAGE_STANDARD = "gnu++14";
				CLANG_CXX_LIBRARY = "libc++";
				CLANG_ENABLE_MODULES = YES;
				CLANG_ENABLE_OBJC_ARC = YES;
				CLANG_ENABLE_OBJC_WEAK = YES;
				CLANG_WARN_BLOCK_CAPTURE_AUTORELEASING = YES;
				CLANG_WARN_BOOL_CONVERSION = YES;
				CLANG_WARN_COMMA = YES;
				CLANG_WARN_CONSTANT_CONVERSION = YES;
				CLANG_WARN_DEPRECATED_OBJC_IMPLEMENTATIONS = YES;
				CLANG_WARN_DIRECT_OBJC_ISA_USAGE = YES_ERROR;
				CLANG_WARN_DOCUMENTATION_COMMENTS = YES;
				CLANG_WARN_EMPTY_BODY = YES;
				CLANG_WARN_ENUM_CONVERSION = YES;
				CLANG_WARN_INFINITE_RECURSION = YES;
				CLANG_WARN_INT_CONVERSION = YES;
				CLANG_WARN_NON_LITERAL_NULL_CONVERSION = YES;
				CLANG_WARN_OBJC_IMPLICIT_RETAIN_SELF = YES;
				CLANG_WARN_OBJC_LITERAL_CONVERSION = YES;
				CLANG_WARN_OBJC_ROOT_CLASS = YES_ERROR;
				CLANG_WARN_RANGE_LOOP_ANALYSIS = YES;
				CLANG_WARN_STRICT_PROTOTYPES = YES;
				CLANG_WARN_SUSPICIOUS_MOVE = YES;
				CLANG_WARN_UNGUARDED_AVAILABILITY = YES_AGGRESSIVE;
				CLANG_WARN_UNREACHABLE_CODE = YES;
				CLANG_WARN__DUPLICATE_METHOD_MATCH = YES;
				CODE_SIGN_IDENTITY = "iPhone Developer";
				COPY_PHASE_STRIP = NO;
				DEBUG_INFORMATION_FORMAT = dwarf;
				ENABLE_STRICT_OBJC_MSGSEND = YES;
				ENABLE_TESTABILITY = YES;
				GCC_C_LANGUAGE_STANDARD = gnu11;
				GCC_DYNAMIC_NO_PIC = NO;
				GCC_NO_COMMON_BLOCKS = YES;
				GCC_OPTIMIZATION_LEVEL = 0;
				GCC_PREPROCESSOR_DEFINITIONS = (
					"DEBUG=1",
					"$(inherited)",
				);
				GCC_WARN_64_TO_32_BIT_CONVERSION = YES;
				GCC_WARN_ABOUT_RETURN_TYPE = YES_ERROR;
				GCC_WARN_UNDECLARED_SELECTOR = YES;
				GCC_WARN_UNINITIALIZED_AUTOS = YES_AGGRESSIVE;
				GCC_WARN_UNUSED_FUNCTION = YES;
				GCC_WARN_UNUSED_VARIABLE = YES;
				IPHONEOS_DEPLOYMENT_TARGET = 11.3;
				MTL_ENABLE_DEBUG_INFO = YES;
				ONLY_ACTIVE_ARCH = YES;
				SDKROOT = iphoneos;
				SWIFT_ACTIVE_COMPILATION_CONDITIONS = DEBUG;
				SWIFT_OPTIMIZATION_LEVEL = "-Onone";
			};
			name = Debug;
		};
		A09144742090C1B0009E6733 /* Release */ = {
			isa = XCBuildConfiguration;
			buildSettings = {
				ALWAYS_SEARCH_USER_PATHS = NO;
				CLANG_ANALYZER_NONNULL = YES;
				CLANG_ANALYZER_NUMBER_OBJECT_CONVERSION = YES_AGGRESSIVE;
				CLANG_CXX_LANGUAGE_STANDARD = "gnu++14";
				CLANG_CXX_LIBRARY = "libc++";
				CLANG_ENABLE_MODULES = YES;
				CLANG_ENABLE_OBJC_ARC = YES;
				CLANG_ENABLE_OBJC_WEAK = YES;
				CLANG_WARN_BLOCK_CAPTURE_AUTORELEASING = YES;
				CLANG_WARN_BOOL_CONVERSION = YES;
				CLANG_WARN_COMMA = YES;
				CLANG_WARN_CONSTANT_CONVERSION = YES;
				CLANG_WARN_DEPRECATED_OBJC_IMPLEMENTATIONS = YES;
				CLANG_WARN_DIRECT_OBJC_ISA_USAGE = YES_ERROR;
				CLANG_WARN_DOCUMENTATION_COMMENTS = YES;
				CLANG_WARN_EMPTY_BODY = YES;
				CLANG_WARN_ENUM_CONVERSION = YES;
				CLANG_WARN_INFINITE_RECURSION = YES;
				CLANG_WARN_INT_CONVERSION = YES;
				CLANG_WARN_NON_LITERAL_NULL_CONVERSION = YES;
				CLANG_WARN_OBJC_IMPLICIT_RETAIN_SELF = YES;
				CLANG_WARN_OBJC_LITERAL_CONVERSION = YES;
				CLANG_WARN_OBJC_ROOT_CLASS = YES_ERROR;
				CLANG_WARN_RANGE_LOOP_ANALYSIS = YES;
				CLANG_WARN_STRICT_PROTOTYPES = YES;
				CLANG_WARN_SUSPICIOUS_MOVE = YES;
				CLANG_WARN_UNGUARDED_AVAILABILITY = YES_AGGRESSIVE;
				CLANG_WARN_UNREACHABLE_CODE = YES;
				CLANG_WARN__DUPLICATE_METHOD_MATCH = YES;
				CODE_SIGN_IDENTITY = "iPhone Developer";
				COPY_PHASE_STRIP = NO;
				DEBUG_INFORMATION_FORMAT = "dwarf-with-dsym";
				ENABLE_NS_ASSERTIONS = NO;
				ENABLE_STRICT_OBJC_MSGSEND = YES;
				GCC_C_LANGUAGE_STANDARD = gnu11;
				GCC_NO_COMMON_BLOCKS = YES;
				GCC_WARN_64_TO_32_BIT_CONVERSION = YES;
				GCC_WARN_ABOUT_RETURN_TYPE = YES_ERROR;
				GCC_WARN_UNDECLARED_SELECTOR = YES;
				GCC_WARN_UNINITIALIZED_AUTOS = YES_AGGRESSIVE;
				GCC_WARN_UNUSED_FUNCTION = YES;
				GCC_WARN_UNUSED_VARIABLE = YES;
				IPHONEOS_DEPLOYMENT_TARGET = 11.3;
				MTL_ENABLE_DEBUG_INFO = NO;
				SDKROOT = iphoneos;
				SWIFT_COMPILATION_MODE = wholemodule;
				SWIFT_OPTIMIZATION_LEVEL = "-O";
				VALIDATE_PRODUCT = YES;
			};
			name = Release;
		};
		A09144762090C1B0009E6733 /* Debug */ = {
			isa = XCBuildConfiguration;
			buildSettings = {
				ASSETCATALOG_COMPILER_APPICON_NAME = AppIcon;
				CODE_SIGN_STYLE = Automatic;
				INFOPLIST_FILE = DemoPushToNextView/Info.plist;
				LD_RUNPATH_SEARCH_PATHS = (
					"$(inherited)",
					"@executable_path/Frameworks",
				);
				PRODUCT_BUNDLE_IDENTIFIER = "Dreams-Come-True.DemoPushToNextView";
				PRODUCT_NAME = "$(TARGET_NAME)";
				SWIFT_VERSION = 4.0;
				TARGETED_DEVICE_FAMILY = "1,2";
			};
			name = Debug;
		};
		A09144772090C1B0009E6733 /* Release */ = {
			isa = XCBuildConfiguration;
			buildSettings = {
				ASSETCATALOG_COMPILER_APPICON_NAME = AppIcon;
				CODE_SIGN_STYLE = Automatic;
				INFOPLIST_FILE = DemoPushToNextView/Info.plist;
				LD_RUNPATH_SEARCH_PATHS = (
					"$(inherited)",
					"@executable_path/Frameworks",
				);
				PRODUCT_BUNDLE_IDENTIFIER = "Dreams-Come-True.DemoPushToNextView";
				PRODUCT_NAME = "$(TARGET_NAME)";
				SWIFT_VERSION = 4.0;
				TARGETED_DEVICE_FAMILY = "1,2";
			};
			name = Release;
		};
/* End XCBuildConfiguration section */

/* Begin XCConfigurationList section */
		A091445E2090C1AF009E6733 /* Build configuration list for PBXProject "DemoPushToNextView" */ = {
			isa = XCConfigurationList;
			buildConfigurations = (
				A09144732090C1B0009E6733 /* Debug */,
				A09144742090C1B0009E6733 /* Release */,
			);
			defaultConfigurationIsVisible = 0;
			defaultConfigurationName = Release;
		};
		A09144752090C1B0009E6733 /* Build configuration list for PBXNativeTarget "DemoPushToNextView" */ = {
			isa = XCConfigurationList;
			buildConfigurations = (
				A09144762090C1B0009E6733 /* Debug */,
				A09144772090C1B0009E6733 /* Release */,
			);
			defaultConfigurationIsVisible = 0;
			defaultConfigurationName = Release;
		};
/* End XCConfigurationList section */
	};
	rootObject = A091445B2090C1AF009E6733 /* Project object */;
}
